
Microsoft Visual Studio Solution File, Format Version 12.00
# Visual Studio Version 17
VisualStudioVersion = 17.8.34330.188
MinimumVisualStudioVersion = 10.0.40219.1
Project("{8BC9CEB8-8B4A-11D0-8D11-00A0C91BC942}") = "Ch1_Game_Algorithm", "Ch1_Game_Algorithm.vcxproj", "{391E6642-52D3-473D-9049-7E1AA5C4D5C9}"
EndProject
Project("{8BC9CEB8-8B4A-11D0-8D11-00A0C91BC942}") = "Ch2_Basic_Sorting", "..\Ch2_Basic_Sorting\Ch2_Basic_Sorting.vcxproj", "{622C59DF-21DF-4500-91DE-533EA7074C0F}"
EndProject
Project("{8BC9CEB8-8B4A-11D0-8D11-00A0C91BC942}") = "Ch3_Insert_Quick_Sort", "..\Ch3_Insert_Quick_Sort\Ch3_Insert_Quick_Sort.vcxproj", "{3287E703-F5E7-47E8-9B92-BF47AECDBC07}"
EndProject
Project("{8BC9CEB8-8B4A-11D0-8D11-00A0C91BC942}") = "Ch4_merge sort", "..\Ch4_merge sort\Ch4_merge sort.vcxproj", "{438EE1C4-5277-4B37-990B-6C16C020A96F}"
EndProject
Global
	GlobalSection(SolutionConfigurationPlatforms) = preSolution
		Debug|x64 = Debug|x64
		Debug|x86 = Debug|x86
		Release|x64 = Release|x64
		Release|x86 = Release|x86
	EndGlobalSection
	GlobalSection(ProjectConfigurationPlatforms) = postSolution
		{391E6642-52D3-473D-9049-7E1AA5C4D5C9}.Debug|x64.ActiveCfg = Debug|x64
		{391E6642-52D3-473D-9049-7E1AA5C4D5C9}.Debug|x64.Build.0 = Debug|x64
		{391E6642-52D3-473D-9049-7E1AA5C4D5C9}.Debug|x86.ActiveCfg = Debug|Win32
		{391E6642-52D3-473D-9049-7E1AA5C4D5C9}.Debug|x86.Build.0 = Debug|Win32
		{391E6642-52D3-473D-9049-7E1AA5C4D5C9}.Release|x64.ActiveCfg = Release|x64
		{391E6642-52D3-473D-9049-7E1AA5C4D5C9}.Release|x64.Build.0 = Release|x64
		{391E6642-52D3-473D-9049-7E1AA5C4D5C9}.Release|x86.ActiveCfg = Release|Win32
		{391E6642-52D3-473D-9049-7E1AA5C4D5C9}.Release|x86.Build.0 = Release|Win32
		{622C59DF-21DF-4500-91DE-533EA7074C0F}.Debug|x64.ActiveCfg = Debug|x64
		{622C59DF-21DF-4500-91DE-533EA7074C0F}.Debug|x64.Build.0 = Debug|x64
		{622C59DF-21DF-4500-91DE-533EA7074C0F}.Debug|x86.ActiveCfg = Debug|Win32
		{622C59DF-21DF-4500-91DE-533EA7074C0F}.Debug|x86.Build.0 = Debug|Win32
		{622C59DF-21DF-4500-91DE-533EA7074C0F}.Release|x64.ActiveCfg = Release|x64
		{622C59DF-21DF-4500-91DE-533EA7074C0F}.Release|x64.Build.0 = Release|x64
		{622C59DF-21DF-4500-91DE-533EA7074C0F}.Release|x86.ActiveCfg = Release|Win32
		{622C59DF-21DF-4500-91DE-533EA7074C0F}.Release|x86.Build.0 = Release|Win32
		{3287E703-F5E7-47E8-9B92-BF47AECDBC07}.Debug|x64.ActiveCfg = Debug|x64
		{3287E703-F5E7-47E8-9B92-BF47AECDBC07}.Debug|x64.Build.0 = Debug|x64
		{3287E703-F5E7-47E8-9B92-BF47AECDBC07}.Debug|x86.ActiveCfg = Debug|Win32
		{3287E703-F5E7-47E8-9B92-BF47AECDBC07}.Debug|x86.Build.0 = Debug|Win32
		{3287E703-F5E7-47E8-9B92-BF47AECDBC07}.Release|x64.ActiveCfg = Release|x64
		{3287E703-F5E7-47E8-9B92-BF47AECDBC07}.Release|x64.Build.0 = Release|x64
		{3287E703-F5E7-47E8-9B92-BF47AECDBC07}.Release|x86.ActiveCfg = Release|Win32
		{3287E703-F5E7-47E8-9B92-BF47AECDBC07}.Release|x86.Build.0 = Release|Win32
		{438EE1C4-5277-4B37-990B-6C16C020A96F}.Debug|x64.ActiveCfg = Debug|x64
		{438EE1C4-5277-4B37-990B-6C16C020A96F}.Debug|x64.Build.0 = Debug|x64
		{438EE1C4-5277-4B37-990B-6C16C020A96F}.Debug|x86.ActiveCfg = Debug|Win32
		{438EE1C4-5277-4B37-990B-6C16C020A96F}.Debug|x86.Build.0 = Debug|Win32
		{438EE1C4-5277-4B37-990B-6C16C020A96F}.Release|x64.ActiveCfg = Release|x64
		{438EE1C4-5277-4B37-990B-6C16C020A96F}.Release|x64.Build.0 = Release|x64
		{438EE1C4-5277-4B37-990B-6C16C020A96F}.Release|x86.ActiveCfg = Release|Win32
		{438EE1C4-5277-4B37-990B-6C16C020A96F}.Release|x86.Build.0 = Release|Win32
	EndGlobalSection
	GlobalSection(SolutionProperties) = preSolution
		HideSolutionNode = FALSE
	EndGlobalSection
	GlobalSection(ExtensibilityGlobals) = postSolution
		SolutionGuid = {77C43744-8830-4199-8047-E19B555789DA}
	EndGlobalSection
EndGlobal
